
Microsoft Visual Studio Solution File, Format Version 12.00
# Visual Studio Version 17
VisualStudioVersion = 17.11.35208.52
MinimumVisualStudioVersion = 10.0.40219.1
Project("{FAE04EC0-301F-11D3-BF4B-00C04F79EFBC}") = "EjercicioClaseSebastianCadena", "EjercicioClaseSebastianCadena\EjercicioClaseSebastianCadena.csproj", "{B0A9E2F3-E942-4C69-92F3-77798999D7EA}"
EndProject
Global
	GlobalSection(SolutionConfigurationPlatforms) = preSolution
		Debug|Any CPU = Debug|Any CPU
		Release|Any CPU = Release|Any CPU
	EndGlobalSection
	GlobalSection(ProjectConfigurationPlatforms) = postSolution
		{B0A9E2F3-E942-4C69-92F3-77798999D7EA}.Debug|Any CPU.ActiveCfg = Debug|Any CPU
		{B0A9E2F3-E942-4C69-92F3-77798999D7EA}.Debug|Any CPU.Build.0 = Debug|Any CPU
		{B0A9E2F3-E942-4C69-92F3-77798999D7EA}.Debug|Any CPU.Deploy.0 = Debug|Any CPU
		{B0A9E2F3-E942-4C69-92F3-77798999D7EA}.Release|Any CPU.ActiveCfg = Release|Any CPU
		{B0A9E2F3-E942-4C69-92F3-77798999D7EA}.Release|Any CPU.Build.0 = Release|Any CPU
		{B0A9E2F3-E942-4C69-92F3-77798999D7EA}.Release|Any CPU.Deploy.0 = Release|Any CPU
	EndGlobalSection
	GlobalSection(SolutionProperties) = preSolution
		HideSolutionNode = FALSE
	EndGlobalSection
	GlobalSection(ExtensibilityGlobals) = postSolution
		SolutionGuid = {EF2A4E8B-DAFB-4DDF-A001-6A127F911C9C}
	EndGlobalSection
EndGlobal
